
Microsoft Visual Studio Solution File, Format Version 12.00
# Visual Studio 15
VisualStudioVersion = 15.0.28307.271
MinimumVisualStudioVersion = 10.0.40219.1
Project("{FAE04EC0-301F-11D3-BF4B-00C04F79EFBC}") = "WebApplication3", "WebApplication3\WebApplication3.csproj", "{A5D064FB-CCFE-4A60-9225-73A8A57C5D72}"
EndProject
Global
	GlobalSection(SolutionConfigurationPlatforms) = preSolution
		Debug|Any CPU = Debug|Any CPU
		Release|Any CPU = Release|Any CPU
	EndGlobalSection
	GlobalSection(ProjectConfigurationPlatforms) = postSolution
		{A5D064FB-CCFE-4A60-9225-73A8A57C5D72}.Debug|Any CPU.ActiveCfg = Debug|Any CPU
		{A5D064FB-CCFE-4A60-9225-73A8A57C5D72}.Debug|Any CPU.Build.0 = Debug|Any CPU
		{A5D064FB-CCFE-4A60-9225-73A8A57C5D72}.Release|Any CPU.ActiveCfg = Release|Any CPU
		{A5D064FB-CCFE-4A60-9225-73A8A57C5D72}.Release|Any CPU.Build.0 = Release|Any CPU
	EndGlobalSection
	GlobalSection(SolutionProperties) = preSolution
		HideSolutionNode = FALSE
	EndGlobalSection
	GlobalSection(ExtensibilityGlobals) = postSolution
		SolutionGuid = {B54E6390-232C-4C5C-97F2-176F0E80E91B}
	EndGlobalSection
EndGlobal
